// !$*UTF8*$!
{
	archiveVersion = 1;
	classes = {
	};
	objectVersion = 56;
	objects = {

/* Begin PBXBuildFile section */
		A10000000000000000000021 /* MeetingModeApp.swift in Sources */ = {isa = PBXBuildFile; fileRef = A10000000000000000000011 /* MeetingModeApp.swift */; };
		A10000000000000000000022 /* AppState.swift in Sources */ = {isa = PBXBuildFile; fileRef = A10000000000000000000012 /* AppState.swift */; };
		A10000000000000000000023 /* StatusItemController.swift in Sources */ = {isa = PBXBuildFile; fileRef = A10000000000000000000013 /* StatusItemController.swift */; };
		A10000000000000000000024 /* MenuExtraView.swift in Sources */ = {isa = PBXBuildFile; fileRef = A10000000000000000000014 /* MenuExtraView.swift */; };
		A10000000000000000000025 /* SettingsView.swift in Sources */ = {isa = PBXBuildFile; fileRef = A10000000000000000000015 /* SettingsView.swift */; };
		A10000000000000000000026 /* NotesService.swift in Sources */ = {isa = PBXBuildFile; fileRef = A10000000000000000000016 /* NotesService.swift */; };
		A10000000000000000000027 /* CalendarService.swift in Sources */ = {isa = PBXBuildFile; fileRef = A10000000000000000000017 /* CalendarService.swift */; };
		A10000000000000000000028 /* FocusService.swift in Sources */ = {isa = PBXBuildFile; fileRef = A10000000000000000000018 /* FocusService.swift */; };
		A10000000000000000000029 /* HotkeyService.swift in Sources */ = {isa = PBXBuildFile; fileRef = A10000000000000000000019 /* HotkeyService.swift */; };
		A10000000000000000000061 /* Prefs.swift in Sources */ = {isa = PBXBuildFile; fileRef = A10000000000000000000050 /* Prefs.swift */; };
		A10000000000000000000062 /* GrokService.swift in Sources */ = {isa = PBXBuildFile; fileRef = A10000000000000000000051 /* GrokService.swift */; };
		A10000000000000000000063 /* NotificationService.swift in Sources */ = {isa = PBXBuildFile; fileRef = A10000000000000000000052 /* NotificationService.swift */; };
		A10000000000000000000064 /* SessionHUDController.swift in Sources */ = {isa = PBXBuildFile; fileRef = A10000000000000000000053 /* SessionHUDController.swift */; };
		A10000000000000000000065 /* RitualWindows.swift in Sources */ = {isa = PBXBuildFile; fileRef = A10000000000000000000054 /* RitualWindows.swift */; };
		A1000000000000000000002A /* Assets.xcassets in Resources */ = {isa = PBXBuildFile; fileRef = A1000000000000000000001A /* Assets.xcassets */; };
		A1000000000000000000002B /* EventKit.framework in Frameworks */ = {isa = PBXBuildFile; fileRef = A1000000000000000000001C /* EventKit.framework */; };
		A1000000000000000000002C /* Carbon.framework in Frameworks */ = {isa = PBXBuildFile; fileRef = A1000000000000000000001D /* Carbon.framework */; };
		A10000000000000000000066 /* UserNotifications.framework in Frameworks */ = {isa = PBXBuildFile; fileRef = A10000000000000000000055 /* UserNotifications.framework */; };
/* End PBXBuildFile section */

/* Begin PBXFileReference section */
		A10000000000000000000010 /* Meeting Mode.app */ = {isa = PBXFileReference; explicitFileType = wrapper.application; includeInIndex = 0; path = "Meeting Mode.app"; sourceTree = BUILT_PRODUCTS_DIR; };
		A10000000000000000000011 /* MeetingModeApp.swift */ = {isa = PBXFileReference; lastKnownFileType = sourcecode.swift; path = MeetingModeApp.swift; sourceTree = "<group>"; };
		A10000000000000000000012 /* AppState.swift */ = {isa = PBXFileReference; lastKnownFileType = sourcecode.swift; path = AppState.swift; sourceTree = "<group>"; };
		A10000000000000000000013 /* StatusItemController.swift */ = {isa = PBXFileReference; lastKnownFileType = sourcecode.swift; path = StatusItemController.swift; sourceTree = "<group>"; };
		A10000000000000000000014 /* MenuExtraView.swift */ = {isa = PBXFileReference; lastKnownFileType = sourcecode.swift; path = MenuExtraView.swift; sourceTree = "<group>"; };
		A10000000000000000000015 /* SettingsView.swift */ = {isa = PBXFileReference; lastKnownFileType = sourcecode.swift; path = SettingsView.swift; sourceTree = "<group>"; };
		A10000000000000000000016 /* NotesService.swift */ = {isa = PBXFileReference; lastKnownFileType = sourcecode.swift; path = NotesService.swift; sourceTree = "<group>"; };
		A10000000000000000000017 /* CalendarService.swift */ = {isa = PBXFileReference; lastKnownFileType = sourcecode.swift; path = CalendarService.swift; sourceTree = "<group>"; };
		A10000000000000000000018 /* FocusService.swift */ = {isa = PBXFileReference; lastKnownFileType = sourcecode.swift; path = FocusService.swift; sourceTree = "<group>"; };
		A10000000000000000000019 /* HotkeyService.swift */ = {isa = PBXFileReference; lastKnownFileType = sourcecode.swift; path = HotkeyService.swift; sourceTree = "<group>"; };
		A1000000000000000000001A /* Assets.xcassets */ = {isa = PBXFileReference; lastKnownFileType = folder.assetcatalog; path = Assets.xcassets; sourceTree = "<group>"; };
		A1000000000000000000001B /* Info.plist */ = {isa = PBXFileReference; lastKnownFileType = text.plist.xml; path = Info.plist; sourceTree = "<group>"; };
		A1000000000000000000001C /* EventKit.framework */ = {isa = PBXFileReference; lastKnownFileType = wrapper.framework; name = EventKit.framework; path = System/Library/Frameworks/EventKit.framework; sourceTree = SDKROOT; };
		A1000000000000000000001D /* Carbon.framework */ = {isa = PBXFileReference; lastKnownFileType = wrapper.framework; name = Carbon.framework; path = System/Library/Frameworks/Carbon.framework; sourceTree = SDKROOT; };
		A1000000000000000000001E /* MeetingMode.entitlements */ = {isa = PBXFileReference; lastKnownFileType = text.plist.entitlements; path = MeetingMode.entitlements; sourceTree = "<group>"; };
		A10000000000000000000050 /* Prefs.swift */ = {isa = PBXFileReference; lastKnownFileType = sourcecode.swift; path = Prefs.swift; sourceTree = "<group>"; };
		A10000000000000000000051 /* GrokService.swift */ = {isa = PBXFileReference; lastKnownFileType = sourcecode.swift; path = GrokService.swift; sourceTree = "<group>"; };
		A10000000000000000000052 /* NotificationService.swift */ = {isa = PBXFileReference; lastKnownFileType = sourcecode.swift; path = NotificationService.swift; sourceTree = "<group>"; };
		A10000000000000000000053 /* SessionHUDController.swift */ = {isa = PBXFileReference; lastKnownFileType = sourcecode.swift; path = SessionHUDController.swift; sourceTree = "<group>"; };
		A10000000000000000000054 /* RitualWindows.swift */ = {isa = PBXFileReference; lastKnownFileType = sourcecode.swift; path = RitualWindows.swift; sourceTree = "<group>"; };
		A10000000000000000000055 /* UserNotifications.framework */ = {isa = PBXFileReference; lastKnownFileType = wrapper.framework; name = UserNotifications.framework; path = System/Library/Frameworks/UserNotifications.framework; sourceTree = SDKROOT; };
/* End PBXFileReference section */

/* Begin PBXFrameworksBuildPhase section */
		A10000000000000000000003 /* Frameworks */ = {
			isa = PBXFrameworksBuildPhase;
			buildActionMask = 2147483647;
			files = (
				A1000000000000000000002B /* EventKit.framework in Frameworks */,
				A1000000000000000000002C /* Carbon.framework in Frameworks */,
				A10000000000000000000066 /* UserNotifications.framework in Frameworks */,
			);
			runOnlyForDeploymentPostprocessing = 0;
		};
/* End PBXFrameworksBuildPhase section */

/* Begin PBXGroup section */
		A10000000000000000000004 /* Frameworks */ = {
			isa = PBXGroup;
			children = (
				A1000000000000000000001C /* EventKit.framework */,
				A1000000000000000000001D /* Carbon.framework */,
				A10000000000000000000055 /* UserNotifications.framework */,
			);
			name = Frameworks;
			sourceTree = "<group>";
		};
		A10000000000000000000005 /* Products */ = {
			isa = PBXGroup;
			children = (
				A10000000000000000000010 /* Meeting Mode.app */,
			);
			name = Products;
			sourceTree = "<group>";
		};
		A10000000000000000000006 /* MeetingMode */ = {
			isa = PBXGroup;
			children = (
				A10000000000000000000011 /* MeetingModeApp.swift */,
				A10000000000000000000012 /* AppState.swift */,
				A10000000000000000000013 /* StatusItemController.swift */,
				A10000000000000000000014 /* MenuExtraView.swift */,
				A10000000000000000000015 /* SettingsView.swift */,
				A10000000000000000000016 /* NotesService.swift */,
				A10000000000000000000017 /* CalendarService.swift */,
				A10000000000000000000018 /* FocusService.swift */,
				A10000000000000000000019 /* HotkeyService.swift */,
				A10000000000000000000050 /* Prefs.swift */,
				A10000000000000000000051 /* GrokService.swift */,
				A10000000000000000000052 /* NotificationService.swift */,
				A10000000000000000000053 /* SessionHUDController.swift */,
				A10000000000000000000054 /* RitualWindows.swift */,
				A1000000000000000000001A /* Assets.xcassets */,
				A1000000000000000000001B /* Info.plist */,
				A1000000000000000000001E /* MeetingMode.entitlements */,
			);
			path = MeetingMode;
			sourceTree = "<group>";
		};
		A10000000000000000000007 = {
			isa = PBXGroup;
			children = (
				A10000000000000000000006 /* MeetingMode */,
				A10000000000000000000005 /* Products */,
				A10000000000000000000004 /* Frameworks */,
			);
			sourceTree = "<group>";
		};
/* End PBXGroup section */

/* Begin PBXNativeTarget section */
		A10000000000000000000002 /* Meeting Mode */ = {
			isa = PBXNativeTarget;
			buildConfigurationList = A10000000000000000000042 /* Build configuration list for PBXNativeTarget "Meeting Mode" */;
			buildPhases = (
				A10000000000000000000008 /* Sources */,
				A10000000000000000000003 /* Frameworks */,
				A10000000000000000000009 /* Resources */,
			);
			buildRules = (
			);
			dependencies = (
			);
			name = "Meeting Mode";
			productName = "Meeting Mode";
			productReference = A10000000000000000000010 /* Meeting Mode.app */;
			productType = "com.apple.product-type.application";
		};
/* End PBXNativeTarget section */

/* Begin PBXProject section */
		A10000000000000000000001 /* Project object */ = {
			isa = PBXProject;
			attributes = {
				BuildIndependentTargetsInParallel = 1;
				LastSwiftUpdateCheck = 1500;
				LastUpgradeCheck = 1500;
				TargetAttributes = {
					A10000000000000000000002 = {
						CreatedOnToolsVersion = 15.0;
					};
				};
			};
			buildConfigurationList = A10000000000000000000040 /* Build configuration list for PBXProject "MeetingMode" */;
			compatibilityVersion = "Xcode 14.0";
			developmentRegion = en;
			hasScannedForEncodings = 0;
			knownRegions = (
				en,
				Base,
			);
			mainGroup = A10000000000000000000007;
			productRefGroup = A10000000000000000000005 /* Products */;
			projectDirPath = "";
			projectRoot = "";
			targets = (
				A10000000000000000000002 /* Meeting Mode */,
			);
		};
/* End PBXProject section */

/* Begin PBXResourcesBuildPhase section */
		A10000000000000000000009 /* Resources */ = {
			isa = PBXResourcesBuildPhase;
			buildActionMask = 2147483647;
			files = (
				A1000000000000000000002A /* Assets.xcassets in Resources */,
			);
			runOnlyForDeploymentPostprocessing = 0;
		};
/* End PBXResourcesBuildPhase section */

/* Begin PBXSourcesBuildPhase section */
		A10000000000000000000008 /* Sources */ = {
			isa = PBXSourcesBuildPhase;
			buildActionMask = 2147483647;
			files = (
				A10000000000000000000021 /* MeetingModeApp.swift in Sources */,
				A10000000000000000000022 /* AppState.swift in Sources */,
				A10000000000000000000023 /* StatusItemController.swift in Sources */,
				A10000000000000000000024 /* MenuExtraView.swift in Sources */,
				A10000000000000000000025 /* SettingsView.swift in Sources */,
				A10000000000000000000026 /* NotesService.swift in Sources */,
				A10000000000000000000027 /* CalendarService.swift in Sources */,
				A10000000000000000000028 /* FocusService.swift in Sources */,
				A10000000000000000000029 /* HotkeyService.swift in Sources */,
				A10000000000000000000061 /* Prefs.swift in Sources */,
				A10000000000000000000062 /* GrokService.swift in Sources */,
				A10000000000000000000063 /* NotificationService.swift in Sources */,
				A10000000000000000000064 /* SessionHUDController.swift in Sources */,
				A10000000000000000000065 /* RitualWindows.swift in Sources */,
			);
			runOnlyForDeploymentPostprocessing = 0;
		};
/* End PBXSourcesBuildPhase section */

/* Begin XCBuildConfiguration section */
		A10000000000000000000030 /* Debug */ = {
			isa = XCBuildConfiguration;
			buildSettings = {
				ALWAYS_SEARCH_USER_PATHS = NO;
				CLANG_ENABLE_MODULES = YES;
				CLANG_ENABLE_OBJC_ARC = YES;
				COPY_PHASE_STRIP = NO;
				DEBUG_INFORMATION_FORMAT = dwarf;
				ENABLE_TESTABILITY = YES;
				MACOSX_DEPLOYMENT_TARGET = 14.0;
				ONLY_ACTIVE_ARCH = YES;
				SDKROOT = macosx;
				SWIFT_ACTIVE_COMPILATION_CONDITIONS = DEBUG;
				SWIFT_OPTIMIZATION_LEVEL = "-Onone";
				SWIFT_VERSION = 5.0;
			};
			name = Debug;
		};
		A10000000000000000000031 /* Release */ = {
			isa = XCBuildConfiguration;
			buildSettings = {
				ALWAYS_SEARCH_USER_PATHS = NO;
				CLANG_ENABLE_MODULES = YES;
				CLANG_ENABLE_OBJC_ARC = YES;
				COPY_PHASE_STRIP = NO;
				DEBUG_INFORMATION_FORMAT = "dwarf-with-dsym";
				MACOSX_DEPLOYMENT_TARGET = 14.0;
				SDKROOT = macosx;
				SWIFT_COMPILATION_MODE = wholemodule;
				SWIFT_VERSION = 5.0;
			};
			name = Release;
		};
		A10000000000000000000032 /* Debug */ = {
			isa = XCBuildConfiguration;
			buildSettings = {
				ASSETCATALOG_COMPILER_APPICON_NAME = AppIcon;
				CODE_SIGN_ENTITLEMENTS = MeetingMode/MeetingMode.entitlements;
				CODE_SIGN_STYLE = Automatic;
				COMBINE_HIDPI_IMAGES = YES;
				CURRENT_PROJECT_VERSION = 3;
				ENABLE_HARDENED_RUNTIME = YES;
				GENERATE_INFOPLIST_FILE = NO;
				INFOPLIST_FILE = MeetingMode/Info.plist;
				LD_RUNPATH_SEARCH_PATHS = "$(inherited) @executable_path/../Frameworks";
				MACOSX_DEPLOYMENT_TARGET = 14.0;
				MARKETING_VERSION = 0.3.0;
				PRODUCT_BUNDLE_IDENTIFIER = xyz.meetingmode.app;
				PRODUCT_NAME = "Meeting Mode";
				SWIFT_VERSION = 5.0;
			};
			name = Debug;
		};
		A10000000000000000000033 /* Release */ = {
			isa = XCBuildConfiguration;
			buildSettings = {
				ASSETCATALOG_COMPILER_APPICON_NAME = AppIcon;
				CODE_SIGN_ENTITLEMENTS = MeetingMode/MeetingMode.entitlements;
				CODE_SIGN_STYLE = Automatic;
				COMBINE_HIDPI_IMAGES = YES;
				CURRENT_PROJECT_VERSION = 3;
				ENABLE_HARDENED_RUNTIME = YES;
				GENERATE_INFOPLIST_FILE = NO;
				INFOPLIST_FILE = MeetingMode/Info.plist;
				LD_RUNPATH_SEARCH_PATHS = "$(inherited) @executable_path/../Frameworks";
				MACOSX_DEPLOYMENT_TARGET = 14.0;
				MARKETING_VERSION = 0.3.0;
				PRODUCT_BUNDLE_IDENTIFIER = xyz.meetingmode.app;
				PRODUCT_NAME = "Meeting Mode";
				SWIFT_VERSION = 5.0;
			};
			name = Release;
		};
/* End XCBuildConfiguration section */

/* Begin XCConfigurationList section */
		A10000000000000000000040 /* Build configuration list for PBXProject "MeetingMode" */ = {
			isa = XCConfigurationList;
			buildConfigurations = (
				A10000000000000000000030 /* Debug */,
				A10000000000000000000031 /* Release */,
			);
			defaultConfigurationIsVisible = 0;
			defaultConfigurationName = Release;
		};
		A10000000000000000000042 /* Build configuration list for PBXNativeTarget "Meeting Mode" */ = {
			isa = XCConfigurationList;
			buildConfigurations = (
				A10000000000000000000032 /* Debug */,
				A10000000000000000000033 /* Release */,
			);
			defaultConfigurationIsVisible = 0;
			defaultConfigurationName = Release;
		};
/* End XCConfigurationList section */
	};
	rootObject = A10000000000000000000001 /* Project object */;
}
